
Microsoft Visual Studio Solution File, Format Version 12.00
# Visual Studio Version 17
VisualStudioVersion = 17.7.34031.279
MinimumVisualStudioVersion = 10.0.40219.1
Project("{8BC9CEB8-8B4A-11D0-8D11-00A0C91BC942}") = "laboration_7.1", "laboration_7.1.vcxproj", "{DC98BEB3-D191-4147-B042-D785E6C2A404}"
EndProject
Project("{8BC9CEB8-8B4A-11D0-8D11-00A0C91BC942}") = "UnitTest_7.1", "..\UnitTest_7.1\UnitTest_7.1.vcxproj", "{A7E0691D-98B2-45E0-935B-75621D824370}"
EndProject
Global
	GlobalSection(SolutionConfigurationPlatforms) = preSolution
		Debug|x64 = Debug|x64
		Debug|x86 = Debug|x86
		Release|x64 = Release|x64
		Release|x86 = Release|x86
	EndGlobalSection
	GlobalSection(ProjectConfigurationPlatforms) = postSolution
		{DC98BEB3-D191-4147-B042-D785E6C2A404}.Debug|x64.ActiveCfg = Debug|x64
		{DC98BEB3-D191-4147-B042-D785E6C2A404}.Debug|x64.Build.0 = Debug|x64
		{DC98BEB3-D191-4147-B042-D785E6C2A404}.Debug|x86.ActiveCfg = Debug|Win32
		{DC98BEB3-D191-4147-B042-D785E6C2A404}.Debug|x86.Build.0 = Debug|Win32
		{DC98BEB3-D191-4147-B042-D785E6C2A404}.Release|x64.ActiveCfg = Release|x64
		{DC98BEB3-D191-4147-B042-D785E6C2A404}.Release|x64.Build.0 = Release|x64
		{DC98BEB3-D191-4147-B042-D785E6C2A404}.Release|x86.ActiveCfg = Release|Win32
		{DC98BEB3-D191-4147-B042-D785E6C2A404}.Release|x86.Build.0 = Release|Win32
		{A7E0691D-98B2-45E0-935B-75621D824370}.Debug|x64.ActiveCfg = Debug|x64
		{A7E0691D-98B2-45E0-935B-75621D824370}.Debug|x64.Build.0 = Debug|x64
		{A7E0691D-98B2-45E0-935B-75621D824370}.Debug|x86.ActiveCfg = Debug|Win32
		{A7E0691D-98B2-45E0-935B-75621D824370}.Debug|x86.Build.0 = Debug|Win32
		{A7E0691D-98B2-45E0-935B-75621D824370}.Release|x64.ActiveCfg = Release|x64
		{A7E0691D-98B2-45E0-935B-75621D824370}.Release|x64.Build.0 = Release|x64
		{A7E0691D-98B2-45E0-935B-75621D824370}.Release|x86.ActiveCfg = Release|Win32
		{A7E0691D-98B2-45E0-935B-75621D824370}.Release|x86.Build.0 = Release|Win32
	EndGlobalSection
	GlobalSection(SolutionProperties) = preSolution
		HideSolutionNode = FALSE
	EndGlobalSection
	GlobalSection(ExtensibilityGlobals) = postSolution
		SolutionGuid = {0B4C020B-FE5C-49D6-A677-C083B43FC024}
	EndGlobalSection
EndGlobal
